// !$*UTF8*$!
{
	archiveVersion = 1;
	classes = {
	};
	objectVersion = 46;
	objects = {

/* Begin PBXBuildFile section */
		C4AD3DF617A417E5005CB10E /* UIKit.framework in Frameworks */ = {isa = PBXBuildFile; fileRef = C4AD3DF517A417E5005CB10E /* UIKit.framework */; };
		C4AD3DF817A417E5005CB10E /* Foundation.framework in Frameworks */ = {isa = PBXBuildFile; fileRef = C4AD3DF717A417E5005CB10E /* Foundation.framework */; };
		C4AD3DFA17A417E5005CB10E /* CoreGraphics.framework in Frameworks */ = {isa = PBXBuildFile; fileRef = C4AD3DF917A417E5005CB10E /* CoreGraphics.framework */; };
		C4AD3E0017A417E5005CB10E /* InfoPlist.strings in Resources */ = {isa = PBXBuildFile; fileRef = C4AD3DFE17A417E5005CB10E /* InfoPlist.strings */; };
		C4AD3E0217A417E5005CB10E /* main.m in Sources */ = {isa = PBXBuildFile; fileRef = C4AD3E0117A417E5005CB10E /* main.m */; };
		C4AD3E0617A417E5005CB10E /* AppDelegate.m in Sources */ = {isa = PBXBuildFile; fileRef = C4AD3E0517A417E5005CB10E /* AppDelegate.m */; };
		C4AD3E0817A417E5005CB10E /* Default.png in Resources */ = {isa = PBXBuildFile; fileRef = C4AD3E0717A417E5005CB10E /* Default.png */; };
		C4AD3E0A17A417E5005CB10E /* Default@2x.png in Resources */ = {isa = PBXBuildFile; fileRef = C4AD3E0917A417E5005CB10E /* Default@2x.png */; };
		C4AD3E0C17A417E5005CB10E /* Default-568h@2x.png in Resources */ = {isa = PBXBuildFile; fileRef = C4AD3E0B17A417E5005CB10E /* Default-568h@2x.png */; };
		C4AD3E1517A41820005CB10E /* Event.m in Sources */ = {isa = PBXBuildFile; fileRef = C4AD3E1417A41820005CB10E /* Event.m */; };
		C4AD3E1917A418C6005CB10E /* EventRepository.m in Sources */ = {isa = PBXBuildFile; fileRef = C4AD3E1817A418C6005CB10E /* EventRepository.m */; };
		C4AD3E1F17A41C7F005CB10E /* EventMapper.m in Sources */ = {isa = PBXBuildFile; fileRef = C4AD3E1E17A41C7F005CB10E /* EventMapper.m */; };
		C4AD3E2417A41F13005CB10E /* EventListViewController.m in Sources */ = {isa = PBXBuildFile; fileRef = C4AD3E2217A41F13005CB10E /* EventListViewController.m */; };
		C4AD3E2517A41F13005CB10E /* EventListViewController.xib in Resources */ = {isa = PBXBuildFile; fileRef = C4AD3E2317A41F13005CB10E /* EventListViewController.xib */; };
		C4AD3E2817A41F8F005CB10E /* Localizable.strings in Resources */ = {isa = PBXBuildFile; fileRef = C4AD3E2717A41F8F005CB10E /* Localizable.strings */; };
		C4B01A6E17BAA3F000666352 /* ma_leftArrow.png in Resources */ = {isa = PBXBuildFile; fileRef = C4B01A5F17BAA3F000666352 /* ma_leftArrow.png */; };
		C4B01A6F17BAA3F000666352 /* ma_leftArrow@2x.png in Resources */ = {isa = PBXBuildFile; fileRef = C4B01A6017BAA3F000666352 /* ma_leftArrow@2x.png */; };
		C4B01A7017BAA3F000666352 /* ma_rightArrow.png in Resources */ = {isa = PBXBuildFile; fileRef = C4B01A6117BAA3F000666352 /* ma_rightArrow.png */; };
		C4B01A7117BAA3F000666352 /* ma_rightArrow@2x.png in Resources */ = {isa = PBXBuildFile; fileRef = C4B01A6217BAA3F000666352 /* ma_rightArrow@2x.png */; };
		C4B01A7217BAA3F000666352 /* ma_topBackground.png in Resources */ = {isa = PBXBuildFile; fileRef = C4B01A6317BAA3F000666352 /* ma_topBackground.png */; };
		C4B01A7317BAA3F000666352 /* MADayView.m in Sources */ = {isa = PBXBuildFile; fileRef = C4B01A6517BAA3F000666352 /* MADayView.m */; };
		C4B01A7417BAA3F000666352 /* MAEvent.m in Sources */ = {isa = PBXBuildFile; fileRef = C4B01A6717BAA3F000666352 /* MAEvent.m */; };
		C4B01A7617BAA3F000666352 /* MAGridView.m in Sources */ = {isa = PBXBuildFile; fileRef = C4B01A6B17BAA3F000666352 /* MAGridView.m */; };
		C4B01A7717BAA3F000666352 /* MAWeekView.m in Sources */ = {isa = PBXBuildFile; fileRef = C4B01A6D17BAA3F000666352 /* MAWeekView.m */; };
		C4B01A7A17BAA51B00666352 /* MAEventMapper.m in Sources */ = {isa = PBXBuildFile; fileRef = C4B01A7917BAA51B00666352 /* MAEventMapper.m */; };
		C4B01A7D17BAA64500666352 /* TapDetectingView.m in Sources */ = {isa = PBXBuildFile; fileRef = C4B01A7C17BAA64500666352 /* TapDetectingView.m */; };
		C4B01A8117BAA94700666352 /* NSDate+DateCategory.m in Sources */ = {isa = PBXBuildFile; fileRef = C4B01A8017BAA94700666352 /* NSDate+DateCategory.m */; };
/* End PBXBuildFile section */

/* Begin PBXFileReference section */
		C4AD3DF217A417E5005CB10E /* Events.app */ = {isa = PBXFileReference; explicitFileType = wrapper.application; includeInIndex = 0; path = Events.app; sourceTree = BUILT_PRODUCTS_DIR; };
		C4AD3DF517A417E5005CB10E /* UIKit.framework */ = {isa = PBXFileReference; lastKnownFileType = wrapper.framework; name = UIKit.framework; path = System/Library/Frameworks/UIKit.framework; sourceTree = SDKROOT; };
		C4AD3DF717A417E5005CB10E /* Foundation.framework */ = {isa = PBXFileReference; lastKnownFileType = wrapper.framework; name = Foundation.framework; path = System/Library/Frameworks/Foundation.framework; sourceTree = SDKROOT; };
		C4AD3DF917A417E5005CB10E /* CoreGraphics.framework */ = {isa = PBXFileReference; lastKnownFileType = wrapper.framework; name = CoreGraphics.framework; path = System/Library/Frameworks/CoreGraphics.framework; sourceTree = SDKROOT; };
		C4AD3DFD17A417E5005CB10E /* Events-Info.plist */ = {isa = PBXFileReference; lastKnownFileType = text.plist.xml; path = "Events-Info.plist"; sourceTree = "<group>"; };
		C4AD3DFF17A417E5005CB10E /* en */ = {isa = PBXFileReference; lastKnownFileType = text.plist.strings; name = en; path = en.lproj/InfoPlist.strings; sourceTree = "<group>"; };
		C4AD3E0117A417E5005CB10E /* main.m */ = {isa = PBXFileReference; lastKnownFileType = sourcecode.c.objc; path = main.m; sourceTree = "<group>"; };
		C4AD3E0317A417E5005CB10E /* Events-Prefix.pch */ = {isa = PBXFileReference; lastKnownFileType = sourcecode.c.h; path = "Events-Prefix.pch"; sourceTree = "<group>"; };
		C4AD3E0417A417E5005CB10E /* AppDelegate.h */ = {isa = PBXFileReference; lastKnownFileType = sourcecode.c.h; name = AppDelegate.h; path = Events/AppDelegate.h; sourceTree = "<group>"; };
		C4AD3E0517A417E5005CB10E /* AppDelegate.m */ = {isa = PBXFileReference; lastKnownFileType = sourcecode.c.objc; name = AppDelegate.m; path = Events/AppDelegate.m; sourceTree = "<group>"; };
		C4AD3E0717A417E5005CB10E /* Default.png */ = {isa = PBXFileReference; lastKnownFileType = image.png; path = Default.png; sourceTree = "<group>"; };
		C4AD3E0917A417E5005CB10E /* Default@2x.png */ = {isa = PBXFileReference; lastKnownFileType = image.png; path = "Default@2x.png"; sourceTree = "<group>"; };
		C4AD3E0B17A417E5005CB10E /* Default-568h@2x.png */ = {isa = PBXFileReference; lastKnownFileType = image.png; path = "Default-568h@2x.png"; sourceTree = "<group>"; };
		C4AD3E1317A41820005CB10E /* Event.h */ = {isa = PBXFileReference; fileEncoding = 4; lastKnownFileType = sourcecode.c.h; name = Event.h; path = Entities/Event.h; sourceTree = "<group>"; };
		C4AD3E1417A41820005CB10E /* Event.m */ = {isa = PBXFileReference; fileEncoding = 4; lastKnownFileType = sourcecode.c.objc; name = Event.m; path = Entities/Event.m; sourceTree = "<group>"; };
		C4AD3E1717A418C6005CB10E /* EventRepository.h */ = {isa = PBXFileReference; fileEncoding = 4; lastKnownFileType = sourcecode.c.h; name = EventRepository.h; path = Repositories/EventRepository.h; sourceTree = "<group>"; };
		C4AD3E1817A418C6005CB10E /* EventRepository.m */ = {isa = PBXFileReference; fileEncoding = 4; lastKnownFileType = sourcecode.c.objc; name = EventRepository.m; path = Repositories/EventRepository.m; sourceTree = "<group>"; };
		C4AD3E1B17A41930005CB10E /* EventsDelegate.h */ = {isa = PBXFileReference; lastKnownFileType = sourcecode.c.h; name = EventsDelegate.h; path = Protocols/EventsDelegate.h; sourceTree = "<group>"; };
		C4AD3E1D17A41C7F005CB10E /* EventMapper.h */ = {isa = PBXFileReference; fileEncoding = 4; lastKnownFileType = sourcecode.c.h; name = EventMapper.h; path = Mappers/EventMapper.h; sourceTree = "<group>"; };
		C4AD3E1E17A41C7F005CB10E /* EventMapper.m */ = {isa = PBXFileReference; fileEncoding = 4; lastKnownFileType = sourcecode.c.objc; name = EventMapper.m; path = Mappers/EventMapper.m; sourceTree = "<group>"; };
		C4AD3E2117A41F13005CB10E /* EventListViewController.h */ = {isa = PBXFileReference; fileEncoding = 4; lastKnownFileType = sourcecode.c.h; name = EventListViewController.h; path = ViewControllers/EventListViewController.h; sourceTree = "<group>"; };
		C4AD3E2217A41F13005CB10E /* EventListViewController.m */ = {isa = PBXFileReference; fileEncoding = 4; lastKnownFileType = sourcecode.c.objc; name = EventListViewController.m; path = ViewControllers/EventListViewController.m; sourceTree = "<group>"; };
		C4AD3E2317A41F13005CB10E /* EventListViewController.xib */ = {isa = PBXFileReference; fileEncoding = 4; lastKnownFileType = file.xib; name = EventListViewController.xib; path = ViewControllers/EventListViewController.xib; sourceTree = "<group>"; };
		C4AD3E2717A41F8F005CB10E /* Localizable.strings */ = {isa = PBXFileReference; fileEncoding = 4; lastKnownFileType = text.plist.strings; name = Localizable.strings; path = Resources/Localizable.strings; sourceTree = "<group>"; };
		C4B01A5F17BAA3F000666352 /* ma_leftArrow.png */ = {isa = PBXFileReference; lastKnownFileType = image.png; path = ma_leftArrow.png; sourceTree = "<group>"; };
		C4B01A6017BAA3F000666352 /* ma_leftArrow@2x.png */ = {isa = PBXFileReference; lastKnownFileType = image.png; path = "ma_leftArrow@2x.png"; sourceTree = "<group>"; };
		C4B01A6117BAA3F000666352 /* ma_rightArrow.png */ = {isa = PBXFileReference; lastKnownFileType = image.png; path = ma_rightArrow.png; sourceTree = "<group>"; };
		C4B01A6217BAA3F000666352 /* ma_rightArrow@2x.png */ = {isa = PBXFileReference; lastKnownFileType = image.png; path = "ma_rightArrow@2x.png"; sourceTree = "<group>"; };
		C4B01A6317BAA3F000666352 /* ma_topBackground.png */ = {isa = PBXFileReference; lastKnownFileType = image.png; path = ma_topBackground.png; sourceTree = "<group>"; };
		C4B01A6417BAA3F000666352 /* MADayView.h */ = {isa = PBXFileReference; fileEncoding = 4; lastKnownFileType = sourcecode.c.h; path = MADayView.h; sourceTree = "<group>"; };
		C4B01A6517BAA3F000666352 /* MADayView.m */ = {isa = PBXFileReference; fileEncoding = 4; lastKnownFileType = sourcecode.c.objc; path = MADayView.m; sourceTree = "<group>"; };
		C4B01A6617BAA3F000666352 /* MAEvent.h */ = {isa = PBXFileReference; fileEncoding = 4; lastKnownFileType = sourcecode.c.h; path = MAEvent.h; sourceTree = "<group>"; };
		C4B01A6717BAA3F000666352 /* MAEvent.m */ = {isa = PBXFileReference; fileEncoding = 4; lastKnownFileType = sourcecode.c.objc; path = MAEvent.m; sourceTree = "<group>"; };
		C4B01A6A17BAA3F000666352 /* MAGridView.h */ = {isa = PBXFileReference; fileEncoding = 4; lastKnownFileType = sourcecode.c.h; path = MAGridView.h; sourceTree = "<group>"; };
		C4B01A6B17BAA3F000666352 /* MAGridView.m */ = {isa = PBXFileReference; fileEncoding = 4; lastKnownFileType = sourcecode.c.objc; path = MAGridView.m; sourceTree = "<group>"; };
		C4B01A6C17BAA3F000666352 /* MAWeekView.h */ = {isa = PBXFileReference; fileEncoding = 4; lastKnownFileType = sourcecode.c.h; path = MAWeekView.h; sourceTree = "<group>"; };
		C4B01A6D17BAA3F000666352 /* MAWeekView.m */ = {isa = PBXFileReference; fileEncoding = 4; lastKnownFileType = sourcecode.c.objc; path = MAWeekView.m; sourceTree = "<group>"; };
		C4B01A7817BAA51B00666352 /* MAEventMapper.h */ = {isa = PBXFileReference; fileEncoding = 4; lastKnownFileType = sourcecode.c.h; name = MAEventMapper.h; path = Mappers/MAEventMapper.h; sourceTree = "<group>"; };
		C4B01A7917BAA51B00666352 /* MAEventMapper.m */ = {isa = PBXFileReference; fileEncoding = 4; lastKnownFileType = sourcecode.c.objc; name = MAEventMapper.m; path = Mappers/MAEventMapper.m; sourceTree = "<group>"; };
		C4B01A7B17BAA64500666352 /* TapDetectingView.h */ = {isa = PBXFileReference; fileEncoding = 4; lastKnownFileType = sourcecode.c.h; path = TapDetectingView.h; sourceTree = "<group>"; };
		C4B01A7C17BAA64500666352 /* TapDetectingView.m */ = {isa = PBXFileReference; fileEncoding = 4; lastKnownFileType = sourcecode.c.objc; path = TapDetectingView.m; sourceTree = "<group>"; };
		C4B01A7F17BAA94700666352 /* NSDate+DateCategory.h */ = {isa = PBXFileReference; fileEncoding = 4; lastKnownFileType = sourcecode.c.h; path = "NSDate+DateCategory.h"; sourceTree = "<group>"; };
		C4B01A8017BAA94700666352 /* NSDate+DateCategory.m */ = {isa = PBXFileReference; fileEncoding = 4; lastKnownFileType = sourcecode.c.objc; path = "NSDate+DateCategory.m"; sourceTree = "<group>"; };
/* End PBXFileReference section */

/* Begin PBXFrameworksBuildPhase section */
		C4AD3DEF17A417E5005CB10E /* Frameworks */ = {
			isa = PBXFrameworksBuildPhase;
			buildActionMask = 2147483647;
			files = (
				C4AD3DF617A417E5005CB10E /* UIKit.framework in Frameworks */,
				C4AD3DF817A417E5005CB10E /* Foundation.framework in Frameworks */,
				C4AD3DFA17A417E5005CB10E /* CoreGraphics.framework in Frameworks */,
			);
			runOnlyForDeploymentPostprocessing = 0;
		};
/* End PBXFrameworksBuildPhase section */

/* Begin PBXGroup section */
		C4AD3DE917A417E5005CB10E = {
			isa = PBXGroup;
			children = (
				C4AD3DFB17A417E5005CB10E /* Events */,
				C4AD3E0417A417E5005CB10E /* AppDelegate.h */,
				C4AD3E0517A417E5005CB10E /* AppDelegate.m */,
				C4AD3DF417A417E5005CB10E /* Frameworks */,
				C4AD3DF317A417E5005CB10E /* Products */,
			);
			sourceTree = "<group>";
		};
		C4AD3DF317A417E5005CB10E /* Products */ = {
			isa = PBXGroup;
			children = (
				C4AD3DF217A417E5005CB10E /* Events.app */,
			);
			name = Products;
			sourceTree = "<group>";
		};
		C4AD3DF417A417E5005CB10E /* Frameworks */ = {
			isa = PBXGroup;
			children = (
				C4AD3DF517A417E5005CB10E /* UIKit.framework */,
				C4AD3DF717A417E5005CB10E /* Foundation.framework */,
				C4AD3DF917A417E5005CB10E /* CoreGraphics.framework */,
			);
			name = Frameworks;
			sourceTree = "<group>";
		};
		C4AD3DFB17A417E5005CB10E /* Events */ = {
			isa = PBXGroup;
			children = (
				C4B01A7E17BAA91B00666352 /* Categories */,
				C4B01A5D17BAA3A400666352 /* 3rd party */,
				C4AD3E1217A41805005CB10E /* Entities */,
				C4AD3E1C17A41C6B005CB10E /* Mappers */,
				C4AD3E1A17A41914005CB10E /* Protocols */,
				C4AD3E1617A418AB005CB10E /* Repositories */,
				C4AD3E2617A41F72005CB10E /* Resources */,
				C4AD3DFC17A417E5005CB10E /* Supporting Files */,
				C4AD3E2017A41EA1005CB10E /* ViewControllers */,
			);
			path = Events;
			sourceTree = "<group>";
		};
		C4AD3DFC17A417E5005CB10E /* Supporting Files */ = {
			isa = PBXGroup;
			children = (
				C4AD3DFD17A417E5005CB10E /* Events-Info.plist */,
				C4AD3DFE17A417E5005CB10E /* InfoPlist.strings */,
				C4AD3E0117A417E5005CB10E /* main.m */,
				C4AD3E0317A417E5005CB10E /* Events-Prefix.pch */,
				C4AD3E0717A417E5005CB10E /* Default.png */,
				C4AD3E0917A417E5005CB10E /* Default@2x.png */,
				C4AD3E0B17A417E5005CB10E /* Default-568h@2x.png */,
			);
			name = "Supporting Files";
			sourceTree = "<group>";
		};
		C4AD3E1217A41805005CB10E /* Entities */ = {
			isa = PBXGroup;
			children = (
				C4AD3E1317A41820005CB10E /* Event.h */,
				C4AD3E1417A41820005CB10E /* Event.m */,
			);
			name = Entities;
			sourceTree = "<group>";
		};
		C4AD3E1617A418AB005CB10E /* Repositories */ = {
			isa = PBXGroup;
			children = (
				C4AD3E1717A418C6005CB10E /* EventRepository.h */,
				C4AD3E1817A418C6005CB10E /* EventRepository.m */,
			);
			name = Repositories;
			sourceTree = "<group>";
		};
		C4AD3E1A17A41914005CB10E /* Protocols */ = {
			isa = PBXGroup;
			children = (
				C4AD3E1B17A41930005CB10E /* EventsDelegate.h */,
			);
			name = Protocols;
			sourceTree = "<group>";
		};
		C4AD3E1C17A41C6B005CB10E /* Mappers */ = {
			isa = PBXGroup;
			children = (
				C4AD3E1D17A41C7F005CB10E /* EventMapper.h */,
				C4AD3E1E17A41C7F005CB10E /* EventMapper.m */,
				C4B01A7817BAA51B00666352 /* MAEventMapper.h */,
				C4B01A7917BAA51B00666352 /* MAEventMapper.m */,
			);
			name = Mappers;
			sourceTree = "<group>";
		};
		C4AD3E2017A41EA1005CB10E /* ViewControllers */ = {
			isa = PBXGroup;
			children = (
				C4AD3E2117A41F13005CB10E /* EventListViewController.h */,
				C4AD3E2217A41F13005CB10E /* EventListViewController.m */,
				C4AD3E2317A41F13005CB10E /* EventListViewController.xib */,
			);
			name = ViewControllers;
			sourceTree = "<group>";
		};
		C4AD3E2617A41F72005CB10E /* Resources */ = {
			isa = PBXGroup;
			children = (
				C4AD3E2717A41F8F005CB10E /* Localizable.strings */,
			);
			name = Resources;
			sourceTree = "<group>";
		};
		C4B01A5D17BAA3A400666352 /* 3rd party */ = {
			isa = PBXGroup;
			children = (
				C4B01A5E17BAA3AA00666352 /* CalendarUI */,
			);
			name = "3rd party";
			sourceTree = "<group>";
		};
		C4B01A5E17BAA3AA00666352 /* CalendarUI */ = {
			isa = PBXGroup;
			children = (
				C4B01A7B17BAA64500666352 /* TapDetectingView.h */,
				C4B01A7C17BAA64500666352 /* TapDetectingView.m */,
				C4B01A5F17BAA3F000666352 /* ma_leftArrow.png */,
				C4B01A6017BAA3F000666352 /* ma_leftArrow@2x.png */,
				C4B01A6117BAA3F000666352 /* ma_rightArrow.png */,
				C4B01A6217BAA3F000666352 /* ma_rightArrow@2x.png */,
				C4B01A6317BAA3F000666352 /* ma_topBackground.png */,
				C4B01A6417BAA3F000666352 /* MADayView.h */,
				C4B01A6517BAA3F000666352 /* MADayView.m */,
				C4B01A6617BAA3F000666352 /* MAEvent.h */,
				C4B01A6717BAA3F000666352 /* MAEvent.m */,
				C4B01A6A17BAA3F000666352 /* MAGridView.h */,
				C4B01A6B17BAA3F000666352 /* MAGridView.m */,
				C4B01A6C17BAA3F000666352 /* MAWeekView.h */,
				C4B01A6D17BAA3F000666352 /* MAWeekView.m */,
			);
			name = CalendarUI;
			sourceTree = "<group>";
		};
		C4B01A7E17BAA91B00666352 /* Categories */ = {
			isa = PBXGroup;
			children = (
				C4B01A7F17BAA94700666352 /* NSDate+DateCategory.h */,
				C4B01A8017BAA94700666352 /* NSDate+DateCategory.m */,
			);
			name = Categories;
			sourceTree = "<group>";
		};
/* End PBXGroup section */

/* Begin PBXNativeTarget section */
		C4AD3DF117A417E5005CB10E /* Events */ = {
			isa = PBXNativeTarget;
			buildConfigurationList = C4AD3E0F17A417E5005CB10E /* Build configuration list for PBXNativeTarget "Events" */;
			buildPhases = (
				C4AD3DEE17A417E5005CB10E /* Sources */,
				C4AD3DEF17A417E5005CB10E /* Frameworks */,
				C4AD3DF017A417E5005CB10E /* Resources */,
			);
			buildRules = (
			);
			dependencies = (
			);
			name = Events;
			productName = Events;
			productReference = C4AD3DF217A417E5005CB10E /* Events.app */;
			productType = "com.apple.product-type.application";
		};
/* End PBXNativeTarget section */

/* Begin PBXProject section */
		C4AD3DEA17A417E5005CB10E /* Project object */ = {
			isa = PBXProject;
			attributes = {
				LastUpgradeCheck = 0460;
				ORGANIZATIONNAME = "Gergely Koncz";
			};
			buildConfigurationList = C4AD3DED17A417E5005CB10E /* Build configuration list for PBXProject "Events" */;
			compatibilityVersion = "Xcode 3.2";
			developmentRegion = English;
			hasScannedForEncodings = 0;
			knownRegions = (
				en,
			);
			mainGroup = C4AD3DE917A417E5005CB10E;
			productRefGroup = C4AD3DF317A417E5005CB10E /* Products */;
			projectDirPath = "";
			projectRoot = "";
			targets = (
				C4AD3DF117A417E5005CB10E /* Events */,
			);
		};
/* End PBXProject section */

/* Begin PBXResourcesBuildPhase section */
		C4AD3DF017A417E5005CB10E /* Resources */ = {
			isa = PBXResourcesBuildPhase;
			buildActionMask = 2147483647;
			files = (
				C4AD3E0017A417E5005CB10E /* InfoPlist.strings in Resources */,
				C4AD3E0817A417E5005CB10E /* Default.png in Resources */,
				C4AD3E0A17A417E5005CB10E /* Default@2x.png in Resources */,
				C4AD3E0C17A417E5005CB10E /* Default-568h@2x.png in Resources */,
				C4AD3E2517A41F13005CB10E /* EventListViewController.xib in Resources */,
				C4AD3E2817A41F8F005CB10E /* Localizable.strings in Resources */,
				C4B01A6E17BAA3F000666352 /* ma_leftArrow.png in Resources */,
				C4B01A6F17BAA3F000666352 /* ma_leftArrow@2x.png in Resources */,
				C4B01A7017BAA3F000666352 /* ma_rightArrow.png in Resources */,
				C4B01A7117BAA3F000666352 /* ma_rightArrow@2x.png in Resources */,
				C4B01A7217BAA3F000666352 /* ma_topBackground.png in Resources */,
			);
			runOnlyForDeploymentPostprocessing = 0;
		};
/* End PBXResourcesBuildPhase section */

/* Begin PBXSourcesBuildPhase section */
		C4AD3DEE17A417E5005CB10E /* Sources */ = {
			isa = PBXSourcesBuildPhase;
			buildActionMask = 2147483647;
			files = (
				C4AD3E0217A417E5005CB10E /* main.m in Sources */,
				C4AD3E0617A417E5005CB10E /* AppDelegate.m in Sources */,
				C4AD3E1517A41820005CB10E /* Event.m in Sources */,
				C4AD3E1917A418C6005CB10E /* EventRepository.m in Sources */,
				C4AD3E1F17A41C7F005CB10E /* EventMapper.m in Sources */,
				C4AD3E2417A41F13005CB10E /* EventListViewController.m in Sources */,
				C4B01A7317BAA3F000666352 /* MADayView.m in Sources */,
				C4B01A7417BAA3F000666352 /* MAEvent.m in Sources */,
				C4B01A7617BAA3F000666352 /* MAGridView.m in Sources */,
				C4B01A7717BAA3F000666352 /* MAWeekView.m in Sources */,
				C4B01A7A17BAA51B00666352 /* MAEventMapper.m in Sources */,
				C4B01A7D17BAA64500666352 /* TapDetectingView.m in Sources */,
				C4B01A8117BAA94700666352 /* NSDate+DateCategory.m in Sources */,
			);
			runOnlyForDeploymentPostprocessing = 0;
		};
/* End PBXSourcesBuildPhase section */

/* Begin PBXVariantGroup section */
		C4AD3DFE17A417E5005CB10E /* InfoPlist.strings */ = {
			isa = PBXVariantGroup;
			children = (
				C4AD3DFF17A417E5005CB10E /* en */,
			);
			name = InfoPlist.strings;
			sourceTree = "<group>";
		};
/* End PBXVariantGroup section */

/* Begin XCBuildConfiguration section */
		C4AD3E0D17A417E5005CB10E /* Debug */ = {
			isa = XCBuildConfiguration;
			buildSettings = {
				ALWAYS_SEARCH_USER_PATHS = NO;
				CLANG_CXX_LANGUAGE_STANDARD = "gnu++0x";
				CLANG_CXX_LIBRARY = "libc++";
				CLANG_ENABLE_OBJC_ARC = YES;
				CLANG_WARN_CONSTANT_CONVERSION = YES;
				CLANG_WARN_EMPTY_BODY = YES;
				CLANG_WARN_ENUM_CONVERSION = YES;
				CLANG_WARN_INT_CONVERSION = YES;
				CLANG_WARN__DUPLICATE_METHOD_MATCH = YES;
				"CODE_SIGN_IDENTITY[sdk=iphoneos*]" = "iPhone Developer";
				COPY_PHASE_STRIP = NO;
				GCC_C_LANGUAGE_STANDARD = gnu99;
				GCC_DYNAMIC_NO_PIC = NO;
				GCC_OPTIMIZATION_LEVEL = 0;
				GCC_PREPROCESSOR_DEFINITIONS = (
					"DEBUG=1",
					"$(inherited)",
				);
				GCC_SYMBOLS_PRIVATE_EXTERN = NO;
				GCC_WARN_ABOUT_RETURN_TYPE = YES;
				GCC_WARN_UNINITIALIZED_AUTOS = YES;
				GCC_WARN_UNUSED_VARIABLE = YES;
				IPHONEOS_DEPLOYMENT_TARGET = 6.1;
				ONLY_ACTIVE_ARCH = YES;
				SDKROOT = iphoneos;
			};
			name = Debug;
		};
		C4AD3E0E17A417E5005CB10E /* Release */ = {
			isa = XCBuildConfiguration;
			buildSettings = {
				ALWAYS_SEARCH_USER_PATHS = NO;
				CLANG_CXX_LANGUAGE_STANDARD = "gnu++0x";
				CLANG_CXX_LIBRARY = "libc++";
				CLANG_ENABLE_OBJC_ARC = YES;
				CLANG_WARN_CONSTANT_CONVERSION = YES;
				CLANG_WARN_EMPTY_BODY = YES;
				CLANG_WARN_ENUM_CONVERSION = YES;
				CLANG_WARN_INT_CONVERSION = YES;
				CLANG_WARN__DUPLICATE_METHOD_MATCH = YES;
				"CODE_SIGN_IDENTITY[sdk=iphoneos*]" = "iPhone Developer";
				COPY_PHASE_STRIP = YES;
				GCC_C_LANGUAGE_STANDARD = gnu99;
				GCC_WARN_ABOUT_RETURN_TYPE = YES;
				GCC_WARN_UNINITIALIZED_AUTOS = YES;
				GCC_WARN_UNUSED_VARIABLE = YES;
				IPHONEOS_DEPLOYMENT_TARGET = 6.1;
				OTHER_CFLAGS = "-DNS_BLOCK_ASSERTIONS=1";
				SDKROOT = iphoneos;
				VALIDATE_PRODUCT = YES;
			};
			name = Release;
		};
		C4AD3E1017A417E5005CB10E /* Debug */ = {
			isa = XCBuildConfiguration;
			buildSettings = {
				GCC_PRECOMPILE_PREFIX_HEADER = YES;
				GCC_PREFIX_HEADER = "Events/Events-Prefix.pch";
				INFOPLIST_FILE = "Events/Events-Info.plist";
				PRODUCT_NAME = "$(TARGET_NAME)";
				WRAPPER_EXTENSION = app;
			};
			name = Debug;
		};
		C4AD3E1117A417E5005CB10E /* Release */ = {
			isa = XCBuildConfiguration;
			buildSettings = {
				GCC_PRECOMPILE_PREFIX_HEADER = YES;
				GCC_PREFIX_HEADER = "Events/Events-Prefix.pch";
				INFOPLIST_FILE = "Events/Events-Info.plist";
				PRODUCT_NAME = "$(TARGET_NAME)";
				WRAPPER_EXTENSION = app;
			};
			name = Release;
		};
/* End XCBuildConfiguration section */

/* Begin XCConfigurationList section */
		C4AD3DED17A417E5005CB10E /* Build configuration list for PBXProject "Events" */ = {
			isa = XCConfigurationList;
			buildConfigurations = (
				C4AD3E0D17A417E5005CB10E /* Debug */,
				C4AD3E0E17A417E5005CB10E /* Release */,
			);
			defaultConfigurationIsVisible = 0;
			defaultConfigurationName = Release;
		};
		C4AD3E0F17A417E5005CB10E /* Build configuration list for PBXNativeTarget "Events" */ = {
			isa = XCConfigurationList;
			buildConfigurations = (
				C4AD3E1017A417E5005CB10E /* Debug */,
				C4AD3E1117A417E5005CB10E /* Release */,
			);
			defaultConfigurationIsVisible = 0;
			defaultConfigurationName = Release;
		};
/* End XCConfigurationList section */
	};
	rootObject = C4AD3DEA17A417E5005CB10E /* Project object */;
}
